{
  "name": "bpk-tether",
  "version": "1.0.23",
  "lockfileVersion": 1,
  "requires": true,
  "dependencies": {
    "tether": {
      "version": "1.4.7",
      "resolved": "https://artifactory.skyscannertools.net/artifactory/api/npm/npm/tether/-/tether-1.4.7.tgz",
      "integrity": "sha1-1WqBhZDY/nLjh/d6Z/k6uW2OH7I="
    }
  }
}
